PODS:
  - ReactiveCocoa (4.0.4-alpha-4):
    - ReactiveCocoa/UI (= 4.0.4-alpha-4)
    - Result (~> 1.0)
  - ReactiveCocoa/Core (4.0.4-alpha-4):
    - ReactiveCocoa/no-arc
    - Result (~> 1.0)
  - ReactiveCocoa/no-arc (4.0.4-alpha-4):
    - Result (~> 1.0)
  - ReactiveCocoa/UI (4.0.4-alpha-4):
    - ReactiveCocoa/Core
    - Result (~> 1.0)
  - Result (1.0.1)
  - SVProgressHUD (1.1.3)

DEPENDENCIES:
  - ReactiveCocoa (~> 4.0.4-alpha-4)
  - SVProgressHUD

SPEC CHECKSUMS:
  ReactiveCocoa: e459ea92099447802df20c4735e31e8139b06094
  Result: caef80340451e1f07492fa1e89117f83613bce24
  SVProgressHUD: 748080e4f36e603f6c02aec292664239df5279c1

COCOAPODS: 0.39.0
